
Microsoft Visual Studio Solution File, Format Version 12.00
# Visual Studio Version 17
VisualStudioVersion = 17.3.32825.248
MinimumVisualStudioVersion = 10.0.40219.1
Project("{FAE04EC0-301F-11D3-BF4B-00C04F79EFBC}") = "FrontEnd", "FrontEnd\FrontEnd.csproj", "{314FABAB-DC20-4F28-991A-2D58F9206347}"
EndProject
Project("{FAE04EC0-301F-11D3-BF4B-00C04F79EFBC}") = "Backend", "Backend\Backend.csproj", "{18BC182A-C8F0-4791-B8E1-DAB5F292F616}"
EndProject
Global
	GlobalSection(SolutionConfigurationPlatforms) = preSolution
		Debug|Any CPU = Debug|Any CPU
		Release|Any CPU = Release|Any CPU
	EndGlobalSection
	GlobalSection(ProjectConfigurationPlatforms) = postSolution
		{314FABAB-DC20-4F28-991A-2D58F9206347}.Debug|Any CPU.ActiveCfg = Debug|Any CPU
		{314FABAB-DC20-4F28-991A-2D58F9206347}.Debug|Any CPU.Build.0 = Debug|Any CPU
		{314FABAB-DC20-4F28-991A-2D58F9206347}.Release|Any CPU.ActiveCfg = Release|Any CPU
		{314FABAB-DC20-4F28-991A-2D58F9206347}.Release|Any CPU.Build.0 = Release|Any CPU
		{18BC182A-C8F0-4791-B8E1-DAB5F292F616}.Debug|Any CPU.ActiveCfg = Debug|Any CPU
		{18BC182A-C8F0-4791-B8E1-DAB5F292F616}.Debug|Any CPU.Build.0 = Debug|Any CPU
		{18BC182A-C8F0-4791-B8E1-DAB5F292F616}.Release|Any CPU.ActiveCfg = Release|Any CPU
		{18BC182A-C8F0-4791-B8E1-DAB5F292F616}.Release|Any CPU.Build.0 = Release|Any CPU
	EndGlobalSection
	GlobalSection(SolutionProperties) = preSolution
		HideSolutionNode = FALSE
	EndGlobalSection
	GlobalSection(ExtensibilityGlobals) = postSolution
		SolutionGuid = {1C388E1D-F8A5-4321-8AFC-86C1BFD88C34}
	EndGlobalSection
EndGlobal
